
Microsoft Visual Studio Solution File, Format Version 12.00
# Visual Studio 2013
VisualStudioVersion = 12.0.40629.0
MinimumVisualStudioVersion = 10.0.40219.1
Project("{FAE04EC0-301F-11D3-BF4B-00C04F79EFBC}") = "SisKolah", "SisKolah\SisKolah.csproj", "{3D6C6C90-2353-42CA-AAC0-190186531898}"
EndProject
Project("{FAE04EC0-301F-11D3-BF4B-00C04F79EFBC}") = "SisKolah.Lib", "SisKolah.Lib\SisKolah.Lib.csproj", "{5380155F-A453-4D0D-9C74-6F597BE70D27}"
EndProject
Global
	GlobalSection(SolutionConfigurationPlatforms) = preSolution
		Debug|Any CPU = Debug|Any CPU
		Release|Any CPU = Release|Any CPU
	EndGlobalSection
	GlobalSection(ProjectConfigurationPlatforms) = postSolution
		{3D6C6C90-2353-42CA-AAC0-190186531898}.Debug|Any CPU.ActiveCfg = Debug|Any CPU
		{3D6C6C90-2353-42CA-AAC0-190186531898}.Debug|Any CPU.Build.0 = Debug|Any CPU
		{3D6C6C90-2353-42CA-AAC0-190186531898}.Release|Any CPU.ActiveCfg = Release|Any CPU
		{3D6C6C90-2353-42CA-AAC0-190186531898}.Release|Any CPU.Build.0 = Release|Any CPU
		{5380155F-A453-4D0D-9C74-6F597BE70D27}.Debug|Any CPU.ActiveCfg = Debug|Any CPU
		{5380155F-A453-4D0D-9C74-6F597BE70D27}.Debug|Any CPU.Build.0 = Debug|Any CPU
		{5380155F-A453-4D0D-9C74-6F597BE70D27}.Release|Any CPU.ActiveCfg = Release|Any CPU
		{5380155F-A453-4D0D-9C74-6F597BE70D27}.Release|Any CPU.Build.0 = Release|Any CPU
	EndGlobalSection
	GlobalSection(SolutionProperties) = preSolution
		HideSolutionNode = FALSE
	EndGlobalSection
EndGlobal
